
Microsoft Visual Studio Solution File, Format Version 12.00
# Visual Studio 15
VisualStudioVersion = 15.0.27703.2026
MinimumVisualStudioVersion = 10.0.40219.1
Project("{FAE04EC0-301F-11D3-BF4B-00C04F79EFBC}") = "Lecture03", "Lecture03\Lecture03.csproj", "{BB1F4FC3-34CA-478C-B3A1-7FF11621DD95}"
EndProject
Global
	GlobalSection(SolutionConfigurationPlatforms) = preSolution
		Debug|Any CPU = Debug|Any CPU
		Release|Any CPU = Release|Any CPU
	EndGlobalSection
	GlobalSection(ProjectConfigurationPlatforms) = postSolution
		{BB1F4FC3-34CA-478C-B3A1-7FF11621DD95}.Debug|Any CPU.ActiveCfg = Debug|Any CPU
		{BB1F4FC3-34CA-478C-B3A1-7FF11621DD95}.Debug|Any CPU.Build.0 = Debug|Any CPU
		{BB1F4FC3-34CA-478C-B3A1-7FF11621DD95}.Release|Any CPU.ActiveCfg = Release|Any CPU
		{BB1F4FC3-34CA-478C-B3A1-7FF11621DD95}.Release|Any CPU.Build.0 = Release|Any CPU
	EndGlobalSection
	GlobalSection(SolutionProperties) = preSolution
		HideSolutionNode = FALSE
	EndGlobalSection
	GlobalSection(ExtensibilityGlobals) = postSolution
		SolutionGuid = {F786BA9C-86BF-4EC1-A980-3088E87F6E8E}
	EndGlobalSection
EndGlobal
